# This file was autogenerated by Stack.
# You should not edit this file by hand.
# For more information, please see the documentation at:
#   https://docs.haskellstack.org/en/stable/lock_files

packages:
- completed:
    size: 30786
    url: https://hackage.haskell.org/package/capability-0.3.0.0/capability-0.3.0.0.tar.gz
    name: capability
    version: 0.3.0.0
    sha256: 9f3546e159172842a5d0c40a9d25b12f82152360081caaef204e0dd383170ace
    pantry-tree:
      size: 2449
      sha256: cf5c08faf8fbfd281edb67381fb5a4ebc15c51a4b4785d6072327a67061b8eba
  original:
    url: https://hackage.haskell.org/package/capability-0.3.0.0/capability-0.3.0.0.tar.gz
- completed:
    hackage: constraints-0.11.2@sha256:d028005d93f891b48b61ff0c82c6f868859eb728010dea3e355b0c55d0f57cf9,2219
    pantry-tree:
      size: 867
      sha256: 3c71f74be6758642190c7d116d43eb980f4128e1595a849af4295610f752745c
  original:
    hackage: constraints-0.11.2@sha256:d028005d93f891b48b61ff0c82c6f868859eb728010dea3e355b0c55d0f57cf9,2219
- completed:
    hackage: generic-lens-1.2.0.1@sha256:faecffd513340cd570866aa8f3e0e139d3f9240ecd3eb766357cdf47f550004c,6550
    pantry-tree:
      size: 4315
      sha256: ea2099153bc65265915f206f08d25eed0d21270412505ea6470665df74b7f5ec
  original:
    hackage: generic-lens-1.2.0.1@sha256:faecffd513340cd570866aa8f3e0e139d3f9240ecd3eb766357cdf47f550004c,6550
snapshots:
- completed:
    size: 531674
    url: https://raw.githubusercontent.com/commercialhaskell/stackage-snapshots/master/lts/16/2.yaml
    sha256: 4b08fb9338ca297de7ade8318f4be1216f14dff8c0426c001fb7886ee88cb84a
  original: lts-16.2
